# This file was autogenerated by uv via the following command:
#    uv pip compile --universal --python-version 3.12 --output-file services/loadtest/requirements.lock services/loadtest/requirements.txt
aiohappyeyeballs==2.7.1
    # via aiohttp
aiohttp==3.10.10
    # via -r services/loadtest/requirements.txt
aiosignal==1.4.0
    # via aiohttp
attrs==26.1.0
    # via aiohttp
frozenlist==1.8.0
    # via
    #   aiohttp
    #   aiosignal
idna==3.18
    # via yarl
multidict==6.7.1
    # via
    #   aiohttp
    #   yarl
propcache==0.5.2
    # via yarl
typing-extensions==4.16.0 ; python_full_version < '3.13'
    # via aiosignal
yarl==1.24.5
    # via aiohttp
