# This file was autogenerated by uv via the following command:
#    uv pip compile --universal --python-version 3.12 --output-file services/reparse/requirements.lock services/reparse/requirements.txt
certifi==2026.7.22
    # via clickhouse-connect
clickhouse-connect==0.8.3
    # via -r services/reparse/requirements.txt
lz4==4.4.5
    # via clickhouse-connect
orjson==3.10.7
    # via -r services/reparse/requirements.txt
pytz==2026.3.post1
    # via clickhouse-connect
pyyaml==6.0.2
    # via -r services/reparse/requirements.txt
urllib3==2.7.0
    # via clickhouse-connect
zstandard==0.25.0
    # via clickhouse-connect
